<?xml version="1.0" encoding="utf-8"?>
<Project ToolsVersion="4.0" xmlns="http://schemas.microsoft.com/developer/msbuild/2003">
  <ItemGroup>
    <Filter Include="source">
      <UniqueIdentifier>{4FC737F1-C7A5-4376-A066-2A32D752A2FF}</UniqueIdentifier>
      <Extensions>h;cpp;</Extensions>
    </Filter>
    <Filter Include="source\core">
      <UniqueIdentifier>{626abef7-4c73-41f0-8715-1948393f415a}</UniqueIdentifier>
    </Filter>
    <Filter Include="source\math">
      <UniqueIdentifier>{f6ba71a2-d21f-45a9-a9ce-3ce295d66d40}</UniqueIdentifier>
    </Filter>
    <Filter Include="source\utility">
      <UniqueIdentifier>{8cff9d23-738a-4f2f-b4d8-f7ee8085efae}</UniqueIdentifier>
    </Filter>
    <Filter Include="include">
      <UniqueIdentifier>{bed8cb18-a41e-4ef7-99ec-a8893f57464c}</UniqueIdentifier>
    </Filter>
    <Filter Include="source\core\system">
      <UniqueIdentifier>{2364be2c-a994-4981-a4bf-d961d33a7710}</UniqueIdentifier>
    </Filter>
    <Filter Include="source\core\graphic">
      <UniqueIdentifier>{78880733-090d-4834-b90d-24c758313104}</UniqueIdentifier>
    </Filter>
    <Filter Include="source\core\graphic\model">
      <UniqueIdentifier>{310d8298-5298-4c48-bf48-2948bdf3b03f}</UniqueIdentifier>
    </Filter>
    <Filter Include="source\gameobject">
      <UniqueIdentifier>{43aba133-a107-4952-bcf5-aa2adff8e904}</UniqueIdentifier>
    </Filter>
    <Filter Include="source\gameobject\component">
      <UniqueIdentifier>{a2d70349-0a1c-4cd7-b8d6-da1f7589ec3c}</UniqueIdentifier>
    </Filter>
    <Filter Include="source\gameobject\component\collider">
      <UniqueIdentifier>{96a5406d-c2ac-4dec-88ac-4166f46b1f61}</UniqueIdentifier>
    </Filter>
  </ItemGroup>
  <ItemGroup>
    <ClInclude Include="core.hpp">
      <Filter>source\core</Filter>
    </ClInclude>
    <ClInclude Include="math_calc.hpp">
      <Filter>source\math</Filter>
    </ClInclude>
    <ClInclude Include="vector2.hpp">
      <Filter>source\math</Filter>
    </ClInclude>
    <ClInclude Include="vector3.hpp">
      <Filter>source\math</Filter>
    </ClInclude>
    <ClInclude Include="matrix4x4.hpp">
      <Filter>source\math</Filter>
    </ClInclude>
    <ClInclude Include="pch.hpp">
      <Filter>source</Filter>
    </ClInclude>
    <ClInclude Include="random.hpp">
      <Filter>source\math</Filter>
    </ClInclude>
    <ClInclude Include="engine.hpp">
      <Filter>include</Filter>
    </ClInclude>
    <ClInclude Include="math.hpp">
      <Filter>source\math</Filter>
    </ClInclude>
    <ClInclude Include="winapp.hpp">
      <Filter>source\core\system</Filter>
    </ClInclude>
    <ClInclude Include="graphic_d3d12.hpp">
      <Filter>source\core\graphic</Filter>
    </ClInclude>
    <ClInclude Include="descriptor_heap.hpp">
      <Filter>source\core\graphic</Filter>
    </ClInclude>
    <ClInclude Include="gpu_buffer.hpp">
      <Filter>source\core\graphic</Filter>
    </ClInclude>
    <ClInclude Include="vertex.hpp">
      <Filter>source\core\graphic\model</Filter>
    </ClInclude>
    <ClInclude Include="component.hpp">
      <Filter>source\gameobject\component</Filter>
    </ClInclude>
    <ClInclude Include="gameobject.hpp">
      <Filter>source\gameobject</Filter>
    </ClInclude>
    <ClInclude Include="transform.hpp">
      <Filter>source\gameobject\component</Filter>
    </ClInclude>
    <ClInclude Include="collider.hpp">
      <Filter>source\gameobject\component\collider</Filter>
    </ClInclude>
    <ClInclude Include="box_collider3d.hpp">
      <Filter>source\gameobject\component\collider</Filter>
    </ClInclude>
    <ClInclude Include="collider_table.hpp">
      <Filter>source\gameobject\component\collider</Filter>
    </ClInclude>
    <ClInclude Include="sphere_collider3d.hpp">
      <Filter>source\gameobject\component\collider</Filter>
    </ClInclude>
    <ClInclude Include="d3d12_factory.hpp">
      <Filter>source\core\graphic</Filter>
    </ClInclude>
    <ClInclude Include="swapchain.hpp">
      <Filter>source\core\graphic</Filter>
    </ClInclude>
  </ItemGroup>
  <ItemGroup>
    <ClCompile Include="core.cpp">
      <Filter>source\core</Filter>
    </ClCompile>
    <ClCompile Include="pch.cpp">
      <Filter>source</Filter>
    </ClCompile>
    <ClCompile Include="math.cpp">
      <Filter>source\math</Filter>
    </ClCompile>
    <ClCompile Include="winapp.cpp">
      <Filter>source\core\system</Filter>
    </ClCompile>
    <ClCompile Include="graphic_d3d12.cpp">
      <Filter>source\core\graphic</Filter>
    </ClCompile>
    <ClCompile Include="descriptor_heap.cpp">
      <Filter>source\core\graphic</Filter>
    </ClCompile>
    <ClCompile Include="gpu_buffer.cpp">
      <Filter>source\core\graphic</Filter>
    </ClCompile>
    <ClCompile Include="component.cpp">
      <Filter>source\gameobject\component</Filter>
    </ClCompile>
    <ClCompile Include="gameobject.cpp">
      <Filter>source\gameobject</Filter>
    </ClCompile>
    <ClCompile Include="transform.cpp">
      <Filter>source\gameobject\component</Filter>
    </ClCompile>
    <ClCompile Include="collider.cpp">
      <Filter>source\gameobject\component\collider</Filter>
    </ClCompile>
    <ClCompile Include="box_collider3d.cpp">
      <Filter>source\gameobject\component\collider</Filter>
    </ClCompile>
    <ClCompile Include="sphere_collider3d.cpp">
      <Filter>source\gameobject\component\collider</Filter>
    </ClCompile>
    <ClCompile Include="d3d12_factory.cpp">
      <Filter>source\core\graphic</Filter>
    </ClCompile>
    <ClCompile Include="swapchain.cpp">
      <Filter>source\core\graphic</Filter>
    </ClCompile>
  </ItemGroup>
</Project>