<?xml version="1.0" encoding="utf-8"?>
<Project ToolsVersion="4.0" xmlns="http://schemas.microsoft.com/developer/msbuild/2003">
  <ItemGroup>
    <Filter Include="resource">
      <UniqueIdentifier>{67DA6AB6-F800-4c08-8B7A-83BB121AAD01}</UniqueIdentifier>
      <Extensions>rc;ico;cur;bmp;dlg;rc2;rct;bin;rgs;gif;jpg;jpeg;jpe;resx;tiff;tif;png;wav;mfcribbon-ms</Extensions>
    </Filter>
    <Filter Include="source">
      <UniqueIdentifier>{4FC737F1-C7A5-4376-A066-2A32D752A2FF}</UniqueIdentifier>
      <Extensions>h;cpp;</Extensions>
    </Filter>
    <Filter Include="source\core">
      <UniqueIdentifier>{626abef7-4c73-41f0-8715-1948393f415a}</UniqueIdentifier>
    </Filter>
  </ItemGroup>
  <ItemGroup>
    <ClInclude Include="include\pch.hpp">
      <Filter>source</Filter>
    </ClInclude>
    <ClInclude Include="include\core\core.hpp">
      <Filter>source\core</Filter>
    </ClInclude>
    <ClInclude Include="include\math\math.hpp">
      <Filter>source</Filter>
    </ClInclude>
    <ClInclude Include="include\math\random.hpp" />
    <ClInclude Include="include\debug\debug.hpp" />
    <ClInclude Include="include\math\vector3.hpp">
      <Filter>source</Filter>
    </ClInclude>
  </ItemGroup>
  <ItemGroup>
    <ClCompile Include="source\pch.cpp">
      <Filter>source</Filter>
    </ClCompile>
    <ClCompile Include="source\core\core.cpp">
      <Filter>source\core</Filter>
    </ClCompile>
    <ClCompile Include="source\math\random.cpp">
      <Filter>source</Filter>
    </ClCompile>
    <ClCompile Include="source\debug\debug.cpp">
      <Filter>source</Filter>
    </ClCompile>
    <ClCompile Include="source\math\vector3.cpp">
      <Filter>source</Filter>
    </ClCompile>
  </ItemGroup>
</Project>